
Microsoft Visual Studio Solution File, Format Version 12.00
# Visual Studio Version 17
VisualStudioVersion = 17.2.32630.192
MinimumVisualStudioVersion = 10.0.40219.1
Project("{FAE04EC0-301F-11D3-BF4B-00C04F79EFBC}") = "one", "one\one.csproj", "{ACAACCF1-5BED-4EEB-907F-4D65AD0E65AD}"
EndProject
Global
	GlobalSection(SolutionConfigurationPlatforms) = preSolution
		Debug|Any CPU = Debug|Any CPU
		Release|Any CPU = Release|Any CPU
	EndGlobalSection
	GlobalSection(ProjectConfigurationPlatforms) = postSolution
		{ACAACCF1-5BED-4EEB-907F-4D65AD0E65AD}.Debug|Any CPU.ActiveCfg = Debug|Any CPU
		{ACAACCF1-5BED-4EEB-907F-4D65AD0E65AD}.Debug|Any CPU.Build.0 = Debug|Any CPU
		{ACAACCF1-5BED-4EEB-907F-4D65AD0E65AD}.Release|Any CPU.ActiveCfg = Release|Any CPU
		{ACAACCF1-5BED-4EEB-907F-4D65AD0E65AD}.Release|Any CPU.Build.0 = Release|Any CPU
	EndGlobalSection
	GlobalSection(SolutionProperties) = preSolution
		HideSolutionNode = FALSE
	EndGlobalSection
	GlobalSection(ExtensibilityGlobals) = postSolution
		SolutionGuid = {E3EF0ABB-5ECD-451F-8242-B608F44D7FF9}
	EndGlobalSection
EndGlobal
