
Microsoft Visual Studio Solution File, Format Version 12.00
# Visual Studio Version 17
VisualStudioVersion = 17.2.32630.192
MinimumVisualStudioVersion = 10.0.40219.1
Project("{FAE04EC0-301F-11D3-BF4B-00C04F79EFBC}") = "x", "x\x.csproj", "{93FFB442-61F4-42CB-AE17-477055B4B74D}"
EndProject
Global
	GlobalSection(SolutionConfigurationPlatforms) = preSolution
		Debug|Any CPU = Debug|Any CPU
		Release|Any CPU = Release|Any CPU
	EndGlobalSection
	GlobalSection(ProjectConfigurationPlatforms) = postSolution
		{93FFB442-61F4-42CB-AE17-477055B4B74D}.Debug|Any CPU.ActiveCfg = Debug|Any CPU
		{93FFB442-61F4-42CB-AE17-477055B4B74D}.Debug|Any CPU.Build.0 = Debug|Any CPU
		{93FFB442-61F4-42CB-AE17-477055B4B74D}.Release|Any CPU.ActiveCfg = Release|Any CPU
		{93FFB442-61F4-42CB-AE17-477055B4B74D}.Release|Any CPU.Build.0 = Release|Any CPU
	EndGlobalSection
	GlobalSection(SolutionProperties) = preSolution
		HideSolutionNode = FALSE
	EndGlobalSection
	GlobalSection(ExtensibilityGlobals) = postSolution
		SolutionGuid = {63CFD336-4291-4F1B-9EC0-FA6EBD4B6E9C}
	EndGlobalSection
EndGlobal
